
Microsoft Visual Studio Solution File, Format Version 12.00
# Visual Studio Version 17
VisualStudioVersion = 17.0.32112.339
MinimumVisualStudioVersion = 10.0.40219.1
Project("{FAE04EC0-301F-11D3-BF4B-00C04F79EFBC}") = "Calculator", "Calculator\Calculator.csproj", "{801B4F8D-53A7-4175-B587-26BE4764301D}"
EndProject
Project("{FAE04EC0-301F-11D3-BF4B-00C04F79EFBC}") = "TochWeerDieConsole", "TochWeerDieConsole\TochWeerDieConsole.csproj", "{7EACA6C4-3A76-4BE9-AE27-8D80995F1DC5}"
EndProject
Global
	GlobalSection(SolutionConfigurationPlatforms) = preSolution
		Debug|Any CPU = Debug|Any CPU
		Release|Any CPU = Release|Any CPU
	EndGlobalSection
	GlobalSection(ProjectConfigurationPlatforms) = postSolution
		{801B4F8D-53A7-4175-B587-26BE4764301D}.Debug|Any CPU.ActiveCfg = Debug|Any CPU
		{801B4F8D-53A7-4175-B587-26BE4764301D}.Debug|Any CPU.Build.0 = Debug|Any CPU
		{801B4F8D-53A7-4175-B587-26BE4764301D}.Release|Any CPU.ActiveCfg = Release|Any CPU
		{801B4F8D-53A7-4175-B587-26BE4764301D}.Release|Any CPU.Build.0 = Release|Any CPU
		{7EACA6C4-3A76-4BE9-AE27-8D80995F1DC5}.Debug|Any CPU.ActiveCfg = Debug|Any CPU
		{7EACA6C4-3A76-4BE9-AE27-8D80995F1DC5}.Debug|Any CPU.Build.0 = Debug|Any CPU
		{7EACA6C4-3A76-4BE9-AE27-8D80995F1DC5}.Release|Any CPU.ActiveCfg = Release|Any CPU
		{7EACA6C4-3A76-4BE9-AE27-8D80995F1DC5}.Release|Any CPU.Build.0 = Release|Any CPU
	EndGlobalSection
	GlobalSection(SolutionProperties) = preSolution
		HideSolutionNode = FALSE
	EndGlobalSection
	GlobalSection(ExtensibilityGlobals) = postSolution
		SolutionGuid = {DED03F0D-CAAB-4D79-9963-E5B23EEB20AB}
	EndGlobalSection
EndGlobal
